// !$*UTF8*$!
{
	archiveVersion = 1;
	classes = {
	};
	objectVersion = 46;
	objects = {

/* Begin PBXBuildFile section */
		4C09A6EF1F4F390B00C9461A /* main.m in Sources */ = {isa = PBXBuildFile; fileRef = 4C09A6EE1F4F390B00C9461A /* main.m */; };
		4C09A6F21F4F390C00C9461A /* AppDelegate.m in Sources */ = {isa = PBXBuildFile; fileRef = 4C09A6F11F4F390C00C9461A /* AppDelegate.m */; };
		4C09A6F51F4F390C00C9461A /* ViewController.m in Sources */ = {isa = PBXBuildFile; fileRef = 4C09A6F41F4F390C00C9461A /* ViewController.m */; };
		4C09A6F81F4F390C00C9461A /* Main.storyboard in Resources */ = {isa = PBXBuildFile; fileRef = 4C09A6F61F4F390C00C9461A /* Main.storyboard */; };
		4C09A6FA1F4F390C00C9461A /* Assets.xcassets in Resources */ = {isa = PBXBuildFile; fileRef = 4C09A6F91F4F390C00C9461A /* Assets.xcassets */; };
		4C09A6FD1F4F390C00C9461A /* LaunchScreen.storyboard in Resources */ = {isa = PBXBuildFile; fileRef = 4C09A6FB1F4F390C00C9461A /* LaunchScreen.storyboard */; };
		4C09A7061F4F3F1A00C9461A /* ShimmerCell.m in Sources */ = {isa = PBXBuildFile; fileRef = 4C09A7051F4F3F1A00C9461A /* ShimmerCell.m */; };
		AABBBB2CC8FF504356A70060 /* libPods-ShimmerExample.a in Frameworks */ = {isa = PBXBuildFile; fileRef = 708C912F7A0DD4F6C2543325 /* libPods-ShimmerExample.a */; };
/* End PBXBuildFile section */

/* Begin PBXFileReference section */
		3DE568CAE3125659BE330C53 /* Pods-ShimmerExample.release.xcconfig */ = {isa = PBXFileReference; includeInIndex = 1; lastKnownFileType = text.xcconfig; name = "Pods-ShimmerExample.release.xcconfig"; path = "Pods/Target Support Files/Pods-ShimmerExample/Pods-ShimmerExample.release.xcconfig"; sourceTree = "<group>"; };
		4C09A6EA1F4F390B00C9461A /* ShimmerExample.app */ = {isa = PBXFileReference; explicitFileType = wrapper.application; includeInIndex = 0; path = ShimmerExample.app; sourceTree = BUILT_PRODUCTS_DIR; };
		4C09A6EE1F4F390B00C9461A /* main.m */ = {isa = PBXFileReference; lastKnownFileType = sourcecode.c.objc; path = main.m; sourceTree = "<group>"; };
		4C09A6F01F4F390C00C9461A /* AppDelegate.h */ = {isa = PBXFileReference; lastKnownFileType = sourcecode.c.h; path = AppDelegate.h; sourceTree = "<group>"; };
		4C09A6F11F4F390C00C9461A /* AppDelegate.m */ = {isa = PBXFileReference; lastKnownFileType = sourcecode.c.objc; path = AppDelegate.m; sourceTree = "<group>"; };
		4C09A6F31F4F390C00C9461A /* ViewController.h */ = {isa = PBXFileReference; lastKnownFileType = sourcecode.c.h; path = ViewController.h; sourceTree = "<group>"; };
		4C09A6F41F4F390C00C9461A /* ViewController.m */ = {isa = PBXFileReference; lastKnownFileType = sourcecode.c.objc; path = ViewController.m; sourceTree = "<group>"; };
		4C09A6F71F4F390C00C9461A /* Base */ = {isa = PBXFileReference; lastKnownFileType = file.storyboard; name = Base; path = Base.lproj/Main.storyboard; sourceTree = "<group>"; };
		4C09A6F91F4F390C00C9461A /* Assets.xcassets */ = {isa = PBXFileReference; lastKnownFileType = folder.assetcatalog; path = Assets.xcassets; sourceTree = "<group>"; };
		4C09A6FC1F4F390C00C9461A /* Base */ = {isa = PBXFileReference; lastKnownFileType = file.storyboard; name = Base; path = Base.lproj/LaunchScreen.storyboard; sourceTree = "<group>"; };
		4C09A6FE1F4F390C00C9461A /* Info.plist */ = {isa = PBXFileReference; lastKnownFileType = text.plist.xml; path = Info.plist; sourceTree = "<group>"; };
		4C09A7041F4F3F1A00C9461A /* ShimmerCell.h */ = {isa = PBXFileReference; fileEncoding = 4; lastKnownFileType = sourcecode.c.h; path = ShimmerCell.h; sourceTree = "<group>"; };
		4C09A7051F4F3F1A00C9461A /* ShimmerCell.m */ = {isa = PBXFileReference; fileEncoding = 4; lastKnownFileType = sourcecode.c.objc; path = ShimmerCell.m; sourceTree = "<group>"; };
		708C912F7A0DD4F6C2543325 /* libPods-ShimmerExample.a */ = {isa = PBXFileReference; explicitFileType = archive.ar; includeInIndex = 0; path = "libPods-ShimmerExample.a"; sourceTree = BUILT_PRODUCTS_DIR; };
		7930AD5BEB935E2BB1883EBC /* Pods-ShimmerExample.debug.xcconfig */ = {isa = PBXFileReference; includeInIndex = 1; lastKnownFileType = text.xcconfig; name = "Pods-ShimmerExample.debug.xcconfig"; path = "Pods/Target Support Files/Pods-ShimmerExample/Pods-ShimmerExample.debug.xcconfig"; sourceTree = "<group>"; };
/* End PBXFileReference section */

/* Begin PBXFrameworksBuildPhase section */
		4C09A6E71F4F390B00C9461A /* Frameworks */ = {
			isa = PBXFrameworksBuildPhase;
			buildActionMask = 2147483647;
			files = (
				AABBBB2CC8FF504356A70060 /* libPods-ShimmerExample.a in Frameworks */,
			);
			runOnlyForDeploymentPostprocessing = 0;
		};
/* End PBXFrameworksBuildPhase section */

/* Begin PBXGroup section */
		07FCF5CD43FDAFE4EFD5A1DD /* Frameworks */ = {
			isa = PBXGroup;
			children = (
				708C912F7A0DD4F6C2543325 /* libPods-ShimmerExample.a */,
			);
			name = Frameworks;
			sourceTree = "<group>";
		};
		4C09A6E11F4F390B00C9461A = {
			isa = PBXGroup;
			children = (
				4C09A6EC1F4F390B00C9461A /* ShimmerExample */,
				4C09A6EB1F4F390B00C9461A /* Products */,
				C905E71C7FE6795A24FF3DDC /* Pods */,
				07FCF5CD43FDAFE4EFD5A1DD /* Frameworks */,
			);
			sourceTree = "<group>";
		};
		4C09A6EB1F4F390B00C9461A /* Products */ = {
			isa = PBXGroup;
			children = (
				4C09A6EA1F4F390B00C9461A /* ShimmerExample.app */,
			);
			name = Products;
			sourceTree = "<group>";
		};
		4C09A6EC1F4F390B00C9461A /* ShimmerExample */ = {
			isa = PBXGroup;
			children = (
				4C09A6F01F4F390C00C9461A /* AppDelegate.h */,
				4C09A6F11F4F390C00C9461A /* AppDelegate.m */,
				4C09A6F31F4F390C00C9461A /* ViewController.h */,
				4C09A6F41F4F390C00C9461A /* ViewController.m */,
				4C09A6F61F4F390C00C9461A /* Main.storyboard */,
				4C09A6F91F4F390C00C9461A /* Assets.xcassets */,
				4C09A6FB1F4F390C00C9461A /* LaunchScreen.storyboard */,
				4C09A6FE1F4F390C00C9461A /* Info.plist */,
				4C09A6ED1F4F390B00C9461A /* Supporting Files */,
				4C09A7041F4F3F1A00C9461A /* ShimmerCell.h */,
				4C09A7051F4F3F1A00C9461A /* ShimmerCell.m */,
			);
			path = ShimmerExample;
			sourceTree = "<group>";
		};
		4C09A6ED1F4F390B00C9461A /* Supporting Files */ = {
			isa = PBXGroup;
			children = (
				4C09A6EE1F4F390B00C9461A /* main.m */,
			);
			name = "Supporting Files";
			sourceTree = "<group>";
		};
		C905E71C7FE6795A24FF3DDC /* Pods */ = {
			isa = PBXGroup;
			children = (
				7930AD5BEB935E2BB1883EBC /* Pods-ShimmerExample.debug.xcconfig */,
				3DE568CAE3125659BE330C53 /* Pods-ShimmerExample.release.xcconfig */,
			);
			name = Pods;
			sourceTree = "<group>";
		};
/* End PBXGroup section */

/* Begin PBXNativeTarget section */
		4C09A6E91F4F390B00C9461A /* ShimmerExample */ = {
			isa = PBXNativeTarget;
			buildConfigurationList = 4C09A7011F4F390C00C9461A /* Build configuration list for PBXNativeTarget "ShimmerExample" */;
			buildPhases = (
				62AD030C9C847E5A9E8ACC7B /* [CP] Check Pods Manifest.lock */,
				4C09A6E61F4F390B00C9461A /* Sources */,
				4C09A6E71F4F390B00C9461A /* Frameworks */,
				4C09A6E81F4F390B00C9461A /* Resources */,
				80DB63A0D38600716E089CA9 /* [CP] Embed Pods Frameworks */,
				030448904025C8A104D9F0F3 /* [CP] Copy Pods Resources */,
			);
			buildRules = (
			);
			dependencies = (
			);
			name = ShimmerExample;
			productName = ShimmerExample;
			productReference = 4C09A6EA1F4F390B00C9461A /* ShimmerExample.app */;
			productType = "com.apple.product-type.application";
		};
/* End PBXNativeTarget section */

/* Begin PBXProject section */
		4C09A6E21F4F390B00C9461A /* Project object */ = {
			isa = PBXProject;
			attributes = {
				LastUpgradeCheck = 0830;
				ORGANIZATIONNAME = "Bhargav Kukadiya";
				TargetAttributes = {
					4C09A6E91F4F390B00C9461A = {
						CreatedOnToolsVersion = 8.3.3;
						DevelopmentTeam = T39VZJQ7P8;
						ProvisioningStyle = Automatic;
					};
				};
			};
			buildConfigurationList = 4C09A6E51F4F390B00C9461A /* Build configuration list for PBXProject "ShimmerExample" */;
			compatibilityVersion = "Xcode 3.2";
			developmentRegion = English;
			hasScannedForEncodings = 0;
			knownRegions = (
				en,
				Base,
			);
			mainGroup = 4C09A6E11F4F390B00C9461A;
			productRefGroup = 4C09A6EB1F4F390B00C9461A /* Products */;
			projectDirPath = "";
			projectRoot = "";
			targets = (
				4C09A6E91F4F390B00C9461A /* ShimmerExample */,
			);
		};
/* End PBXProject section */

/* Begin PBXResourcesBuildPhase section */
		4C09A6E81F4F390B00C9461A /* Resources */ = {
			isa = PBXResourcesBuildPhase;
			buildActionMask = 2147483647;
			files = (
				4C09A6FD1F4F390C00C9461A /* LaunchScreen.storyboard in Resources */,
				4C09A6FA1F4F390C00C9461A /* Assets.xcassets in Resources */,
				4C09A6F81F4F390C00C9461A /* Main.storyboard in Resources */,
			);
			runOnlyForDeploymentPostprocessing = 0;
		};
/* End PBXResourcesBuildPhase section */

/* Begin PBXShellScriptBuildPhase section */
		030448904025C8A104D9F0F3 /* [CP] Copy Pods Resources */ = {
			isa = PBXShellScriptBuildPhase;
			buildActionMask = 2147483647;
			files = (
			);
			inputPaths = (
			);
			name = "[CP] Copy Pods Resources";
			outputPaths = (
			);
			runOnlyForDeploymentPostprocessing = 0;
			shellPath = /bin/sh;
			shellScript = "\"${SRCROOT}/Pods/Target Support Files/Pods-ShimmerExample/Pods-ShimmerExample-resources.sh\"\n";
			showEnvVarsInLog = 0;
		};
		62AD030C9C847E5A9E8ACC7B /* [CP] Check Pods Manifest.lock */ = {
			isa = PBXShellScriptBuildPhase;
			buildActionMask = 2147483647;
			files = (
			);
			inputPaths = (
			);
			name = "[CP] Check Pods Manifest.lock";
			outputPaths = (
			);
			runOnlyForDeploymentPostprocessing = 0;
			shellPath = /bin/sh;
			shellScript = "diff \"${PODS_PODFILE_DIR_PATH}/Podfile.lock\" \"${PODS_ROOT}/Manifest.lock\" > /dev/null\nif [ $? != 0 ] ; then\n    # print error to STDERR\n    echo \"error: The sandbox is not in sync with the Podfile.lock. Run 'pod install' or update your CocoaPods installation.\" >&2\n    exit 1\nfi\n";
			showEnvVarsInLog = 0;
		};
		80DB63A0D38600716E089CA9 /* [CP] Embed Pods Frameworks */ = {
			isa = PBXShellScriptBuildPhase;
			buildActionMask = 2147483647;
			files = (
			);
			inputPaths = (
			);
			name = "[CP] Embed Pods Frameworks";
			outputPaths = (
			);
			runOnlyForDeploymentPostprocessing = 0;
			shellPath = /bin/sh;
			shellScript = "\"${SRCROOT}/Pods/Target Support Files/Pods-ShimmerExample/Pods-ShimmerExample-frameworks.sh\"\n";
			showEnvVarsInLog = 0;
		};
/* End PBXShellScriptBuildPhase section */

/* Begin PBXSourcesBuildPhase section */
		4C09A6E61F4F390B00C9461A /* Sources */ = {
			isa = PBXSourcesBuildPhase;
			buildActionMask = 2147483647;
			files = (
				4C09A6F51F4F390C00C9461A /* ViewController.m in Sources */,
				4C09A7061F4F3F1A00C9461A /* ShimmerCell.m in Sources */,
				4C09A6F21F4F390C00C9461A /* AppDelegate.m in Sources */,
				4C09A6EF1F4F390B00C9461A /* main.m in Sources */,
			);
			runOnlyForDeploymentPostprocessing = 0;
		};
/* End PBXSourcesBuildPhase section */

/* Begin PBXVariantGroup section */
		4C09A6F61F4F390C00C9461A /* Main.storyboard */ = {
			isa = PBXVariantGroup;
			children = (
				4C09A6F71F4F390C00C9461A /* Base */,
			);
			name = Main.storyboard;
			sourceTree = "<group>";
		};
		4C09A6FB1F4F390C00C9461A /* LaunchScreen.storyboard */ = {
			isa = PBXVariantGroup;
			children = (
				4C09A6FC1F4F390C00C9461A /* Base */,
			);
			name = LaunchScreen.storyboard;
			sourceTree = "<group>";
		};
/* End PBXVariantGroup section */

/* Begin XCBuildConfiguration section */
		4C09A6FF1F4F390C00C9461A /* Debug */ = {
			isa = XCBuildConfiguration;
			buildSettings = {
				ALWAYS_SEARCH_USER_PATHS = NO;
				CLANG_ANALYZER_NONNULL = YES;
				CLANG_ANALYZER_NUMBER_OBJECT_CONVERSION = YES_AGGRESSIVE;
				CLANG_CXX_LANGUAGE_STANDARD = "gnu++0x";
				CLANG_CXX_LIBRARY = "libc++";
				CLANG_ENABLE_MODULES = YES;
				CLANG_ENABLE_OBJC_ARC = YES;
				CLANG_WARN_BOOL_CONVERSION = YES;
				CLANG_WARN_CONSTANT_CONVERSION = YES;
				CLANG_WARN_DIRECT_OBJC_ISA_USAGE = YES_ERROR;
				CLANG_WARN_DOCUMENTATION_COMMENTS = YES;
				CLANG_WARN_EMPTY_BODY = YES;
				CLANG_WARN_ENUM_CONVERSION = YES;
				CLANG_WARN_INFINITE_RECURSION = YES;
				CLANG_WARN_INT_CONVERSION = YES;
				CLANG_WARN_OBJC_ROOT_CLASS = YES_ERROR;
				CLANG_WARN_SUSPICIOUS_MOVE = YES;
				CLANG_WARN_UNREACHABLE_CODE = YES;
				CLANG_WARN__DUPLICATE_METHOD_MATCH = YES;
				"CODE_SIGN_IDENTITY[sdk=iphoneos*]" = "iPhone Developer";
				COPY_PHASE_STRIP = NO;
				DEBUG_INFORMATION_FORMAT = dwarf;
				ENABLE_STRICT_OBJC_MSGSEND = YES;
				ENABLE_TESTABILITY = YES;
				GCC_C_LANGUAGE_STANDARD = gnu99;
				GCC_DYNAMIC_NO_PIC = NO;
				GCC_NO_COMMON_BLOCKS = YES;
				GCC_OPTIMIZATION_LEVEL = 0;
				GCC_PREPROCESSOR_DEFINITIONS = (
					"DEBUG=1",
					"$(inherited)",
				);
				GCC_WARN_64_TO_32_BIT_CONVERSION = YES;
				GCC_WARN_ABOUT_RETURN_TYPE = YES_ERROR;
				GCC_WARN_UNDECLARED_SELECTOR = YES;
				GCC_WARN_UNINITIALIZED_AUTOS = YES_AGGRESSIVE;
				GCC_WARN_UNUSED_FUNCTION = YES;
				GCC_WARN_UNUSED_VARIABLE = YES;
				IPHONEOS_DEPLOYMENT_TARGET = 10.3;
				MTL_ENABLE_DEBUG_INFO = YES;
				ONLY_ACTIVE_ARCH = YES;
				SDKROOT = iphoneos;
			};
			name = Debug;
		};
		4C09A7001F4F390C00C9461A /* Release */ = {
			isa = XCBuildConfiguration;
			buildSettings = {
				ALWAYS_SEARCH_USER_PATHS = NO;
				CLANG_ANALYZER_NONNULL = YES;
				CLANG_ANALYZER_NUMBER_OBJECT_CONVERSION = YES_AGGRESSIVE;
				CLANG_CXX_LANGUAGE_STANDARD = "gnu++0x";
				CLANG_CXX_LIBRARY = "libc++";
				CLANG_ENABLE_MODULES = YES;
				CLANG_ENABLE_OBJC_ARC = YES;
				CLANG_WARN_BOOL_CONVERSION = YES;
				CLANG_WARN_CONSTANT_CONVERSION = YES;
				CLANG_WARN_DIRECT_OBJC_ISA_USAGE = YES_ERROR;
				CLANG_WARN_DOCUMENTATION_COMMENTS = YES;
				CLANG_WARN_EMPTY_BODY = YES;
				CLANG_WARN_ENUM_CONVERSION = YES;
				CLANG_WARN_INFINITE_RECURSION = YES;
				CLANG_WARN_INT_CONVERSION = YES;
				CLANG_WARN_OBJC_ROOT_CLASS = YES_ERROR;
				CLANG_WARN_SUSPICIOUS_MOVE = YES;
				CLANG_WARN_UNREACHABLE_CODE = YES;
				CLANG_WARN__DUPLICATE_METHOD_MATCH = YES;
				"CODE_SIGN_IDENTITY[sdk=iphoneos*]" = "iPhone Developer";
				COPY_PHASE_STRIP = NO;
				DEBUG_INFORMATION_FORMAT = "dwarf-with-dsym";
				ENABLE_NS_ASSERTIONS = NO;
				ENABLE_STRICT_OBJC_MSGSEND = YES;
				GCC_C_LANGUAGE_STANDARD = gnu99;
				GCC_NO_COMMON_BLOCKS = YES;
				GCC_WARN_64_TO_32_BIT_CONVERSION = YES;
				GCC_WARN_ABOUT_RETURN_TYPE = YES_ERROR;
				GCC_WARN_UNDECLARED_SELECTOR = YES;
				GCC_WARN_UNINITIALIZED_AUTOS = YES_AGGRESSIVE;
				GCC_WARN_UNUSED_FUNCTION = YES;
				GCC_WARN_UNUSED_VARIABLE = YES;
				IPHONEOS_DEPLOYMENT_TARGET = 10.3;
				MTL_ENABLE_DEBUG_INFO = NO;
				SDKROOT = iphoneos;
				VALIDATE_PRODUCT = YES;
			};
			name = Release;
		};
		4C09A7021F4F390C00C9461A /* Debug */ = {
			isa = XCBuildConfiguration;
			baseConfigurationReference = 7930AD5BEB935E2BB1883EBC /* Pods-ShimmerExample.debug.xcconfig */;
			buildSettings = {
				ASSETCATALOG_COMPILER_APPICON_NAME = AppIcon;
				DEVELOPMENT_TEAM = T39VZJQ7P8;
				INFOPLIST_FILE = ShimmerExample/Info.plist;
				LD_RUNPATH_SEARCH_PATHS = "$(inherited) @executable_path/Frameworks";
				PRODUCT_BUNDLE_IDENTIFIER = com.bhargavkukadiya.ShimmerExample;
				PRODUCT_NAME = "$(TARGET_NAME)";
			};
			name = Debug;
		};
		4C09A7031F4F390C00C9461A /* Release */ = {
			isa = XCBuildConfiguration;
			baseConfigurationReference = 3DE568CAE3125659BE330C53 /* Pods-ShimmerExample.release.xcconfig */;
			buildSettings = {
				ASSETCATALOG_COMPILER_APPICON_NAME = AppIcon;
				DEVELOPMENT_TEAM = T39VZJQ7P8;
				INFOPLIST_FILE = ShimmerExample/Info.plist;
				LD_RUNPATH_SEARCH_PATHS = "$(inherited) @executable_path/Frameworks";
				PRODUCT_BUNDLE_IDENTIFIER = com.bhargavkukadiya.ShimmerExample;
				PRODUCT_NAME = "$(TARGET_NAME)";
			};
			name = Release;
		};
/* End XCBuildConfiguration section */

/* Begin XCConfigurationList section */
		4C09A6E51F4F390B00C9461A /* Build configuration list for PBXProject "ShimmerExample" */ = {
			isa = XCConfigurationList;
			buildConfigurations = (
				4C09A6FF1F4F390C00C9461A /* Debug */,
				4C09A7001F4F390C00C9461A /* Release */,
			);
			defaultConfigurationIsVisible = 0;
			defaultConfigurationName = Release;
		};
		4C09A7011F4F390C00C9461A /* Build configuration list for PBXNativeTarget "ShimmerExample" */ = {
			isa = XCConfigurationList;
			buildConfigurations = (
				4C09A7021F4F390C00C9461A /* Debug */,
				4C09A7031F4F390C00C9461A /* Release */,
			);
			defaultConfigurationIsVisible = 0;
			defaultConfigurationName = Release;
		};
/* End XCConfigurationList section */
	};
	rootObject = 4C09A6E21F4F390B00C9461A /* Project object */;
}
